
Microsoft Visual Studio Solution File, Format Version 12.00
# Visual Studio Version 17
VisualStudioVersion = 17.12.35514.174
MinimumVisualStudioVersion = 10.0.40219.1
Project("{FAE04EC0-301F-11D3-BF4B-00C04F79EFBC}") = "FinanceManager.API", "FinanceManager.API\FinanceManager.API.csproj", "{6104CEB3-38A5-4E74-8604-ED1EC523A7A3}"
EndProject
Project("{2150E333-8FDC-42A3-9474-1A3956D46DE8}") = "src", "src", "{5362CF75-21FE-4923-8DEF-19D225D16CE3}"
EndProject
Project("{FAE04EC0-301F-11D3-BF4B-00C04F79EFBC}") = "FinanceManager.Core", "FinanceManager.Core\FinanceManager.Core.csproj", "{7C6D0607-14ED-4490-BDCE-1E6215FCA736}"
EndProject
Project("{FAE04EC0-301F-11D3-BF4B-00C04F79EFBC}") = "FinanceManager.Application", "FinanceManager.Application\FinanceManager.Application.csproj", "{AD96979C-8E5D-4139-B4D4-319EA15C45B0}"
EndProject
Project("{FAE04EC0-301F-11D3-BF4B-00C04F79EFBC}") = "FinanceManager.Bot", "FinanceManager.Bot\FinanceManager.Bot.csproj", "{13CCD5DA-78E4-4258-8CF8-D8B51A5B7405}"
EndProject
Project("{FAE04EC0-301F-11D3-BF4B-00C04F79EFBC}") = "FinanceManager.DataAccess", "FinanceManager.DataAccess\FinanceManager.DataAccess.csproj", "{7872568B-5148-4BF9-B2B1-812D50795BC4}"
EndProject
Project("{FAE04EC0-301F-11D3-BF4B-00C04F79EFBC}") = "FinanceManager.CompositionRoot", "FinanceManager.CompositionRoot\FinanceManager.CompositionRoot.csproj", "{DF8E1C61-9C0D-48F7-89C7-3B72351DC75F}"
EndProject
Global
	GlobalSection(SolutionConfigurationPlatforms) = preSolution
		Debug|Any CPU = Debug|Any CPU
		Release|Any CPU = Release|Any CPU
	EndGlobalSection
	GlobalSection(ProjectConfigurationPlatforms) = postSolution
		{6104CEB3-38A5-4E74-8604-ED1EC523A7A3}.Debug|Any CPU.ActiveCfg = Debug|Any CPU
		{6104CEB3-38A5-4E74-8604-ED1EC523A7A3}.Debug|Any CPU.Build.0 = Debug|Any CPU
		{6104CEB3-38A5-4E74-8604-ED1EC523A7A3}.Release|Any CPU.ActiveCfg = Release|Any CPU
		{6104CEB3-38A5-4E74-8604-ED1EC523A7A3}.Release|Any CPU.Build.0 = Release|Any CPU
		{7C6D0607-14ED-4490-BDCE-1E6215FCA736}.Debug|Any CPU.ActiveCfg = Debug|Any CPU
		{7C6D0607-14ED-4490-BDCE-1E6215FCA736}.Debug|Any CPU.Build.0 = Debug|Any CPU
		{7C6D0607-14ED-4490-BDCE-1E6215FCA736}.Release|Any CPU.ActiveCfg = Release|Any CPU
		{7C6D0607-14ED-4490-BDCE-1E6215FCA736}.Release|Any CPU.Build.0 = Release|Any CPU
		{AD96979C-8E5D-4139-B4D4-319EA15C45B0}.Debug|Any CPU.ActiveCfg = Debug|Any CPU
		{AD96979C-8E5D-4139-B4D4-319EA15C45B0}.Debug|Any CPU.Build.0 = Debug|Any CPU
		{AD96979C-8E5D-4139-B4D4-319EA15C45B0}.Release|Any CPU.ActiveCfg = Release|Any CPU
		{AD96979C-8E5D-4139-B4D4-319EA15C45B0}.Release|Any CPU.Build.0 = Release|Any CPU
		{13CCD5DA-78E4-4258-8CF8-D8B51A5B7405}.Debug|Any CPU.ActiveCfg = Debug|Any CPU
		{13CCD5DA-78E4-4258-8CF8-D8B51A5B7405}.Debug|Any CPU.Build.0 = Debug|Any CPU
		{13CCD5DA-78E4-4258-8CF8-D8B51A5B7405}.Release|Any CPU.ActiveCfg = Release|Any CPU
		{13CCD5DA-78E4-4258-8CF8-D8B51A5B7405}.Release|Any CPU.Build.0 = Release|Any CPU
		{7872568B-5148-4BF9-B2B1-812D50795BC4}.Debug|Any CPU.ActiveCfg = Debug|Any CPU
		{7872568B-5148-4BF9-B2B1-812D50795BC4}.Debug|Any CPU.Build.0 = Debug|Any CPU
		{7872568B-5148-4BF9-B2B1-812D50795BC4}.Release|Any CPU.ActiveCfg = Release|Any CPU
		{7872568B-5148-4BF9-B2B1-812D50795BC4}.Release|Any CPU.Build.0 = Release|Any CPU
		{DF8E1C61-9C0D-48F7-89C7-3B72351DC75F}.Debug|Any CPU.ActiveCfg = Debug|Any CPU
		{DF8E1C61-9C0D-48F7-89C7-3B72351DC75F}.Debug|Any CPU.Build.0 = Debug|Any CPU
		{DF8E1C61-9C0D-48F7-89C7-3B72351DC75F}.Release|Any CPU.ActiveCfg = Release|Any CPU
		{DF8E1C61-9C0D-48F7-89C7-3B72351DC75F}.Release|Any CPU.Build.0 = Release|Any CPU
	EndGlobalSection
	GlobalSection(SolutionProperties) = preSolution
		HideSolutionNode = FALSE
	EndGlobalSection
	GlobalSection(NestedProjects) = preSolution
		{6104CEB3-38A5-4E74-8604-ED1EC523A7A3} = {5362CF75-21FE-4923-8DEF-19D225D16CE3}
		{7C6D0607-14ED-4490-BDCE-1E6215FCA736} = {5362CF75-21FE-4923-8DEF-19D225D16CE3}
		{AD96979C-8E5D-4139-B4D4-319EA15C45B0} = {5362CF75-21FE-4923-8DEF-19D225D16CE3}
		{13CCD5DA-78E4-4258-8CF8-D8B51A5B7405} = {5362CF75-21FE-4923-8DEF-19D225D16CE3}
		{7872568B-5148-4BF9-B2B1-812D50795BC4} = {5362CF75-21FE-4923-8DEF-19D225D16CE3}
		{DF8E1C61-9C0D-48F7-89C7-3B72351DC75F} = {5362CF75-21FE-4923-8DEF-19D225D16CE3}
	EndGlobalSection
EndGlobal
